{
  "name": "web",
  "version": "1.0.0",
  "lockfileVersion": 3,
  "requires": true,
  "packages": {
    "": {
      "name": "web",
      "version": "1.0.0",
      "license": "ISC",
      "dependencies": {
        "@msgpack/msgpack": "^3.1.3"
      },
      "devDependencies": {
        "typescript": "^6.0.3"
      }
    },
    "node_modules/@msgpack/msgpack": {
      "version": "3.1.3",
      "resolved": "https://registry.npmjs.org/@msgpack/msgpack/-/msgpack-3.1.3.tgz",
      "integrity": "sha512-47XIizs9XZXvuJgoaJUIE2lFoID8ugvc0jzSHP+Ptfk8nTbnR8g788wv48N03Kx0UkAv559HWRQ3yzOgzlRNUA==",
      "license": "ISC",
      "engines": {
        "node": ">= 18"
      }
    },
    "node_modules/typescript": {
      "version": "6.0.3",
      "resolved": "https://registry.npmjs.org/typescript/-/typescript-6.0.3.tgz",
      "integrity": "sha512-y2TvuxSZPDyQakkFRPZHKFm+KKVqIisdg9/CZwm9ftvKXLP8NRWj38/ODjNbr43SsoXqNuAisEf1GdCxqWcdBw==",
      "dev": true,
      "license": "Apache-2.0",
      "bin": {
        "tsc": "bin/tsc",
        "tsserver": "bin/tsserver"
      },
      "engines": {
        "node": ">=14.17"
      }
    }
  }
}
